
Microsoft Visual Studio Solution File, Format Version 12.00
# Visual Studio Version 16
VisualStudioVersion = 16.0.31005.135
MinimumVisualStudioVersion = 10.0.40219.1
Project("{8BC9CEB8-8B4A-11D0-8D11-00A0C91BC942}") = "MSensor Monitor", "MSensor Monitor\MSensor Monitor.vcxproj", "{ADCA12B0-8F26-405F-AFB3-DAD053B39059}"
EndProject
Global
	GlobalSection(SolutionConfigurationPlatforms) = preSolution
		Debug|x64 = Debug|x64
		Debug|x86 = Debug|x86
		Release|x64 = Release|x64
		Release|x86 = Release|x86
	EndGlobalSection
	GlobalSection(ProjectConfigurationPlatforms) = postSolution
		{ADCA12B0-8F26-405F-AFB3-DAD053B39059}.Debug|x64.ActiveCfg = Debug|x64
		{ADCA12B0-8F26-405F-AFB3-DAD053B39059}.Debug|x64.Build.0 = Debug|x64
		{ADCA12B0-8F26-405F-AFB3-DAD053B39059}.Debug|x86.ActiveCfg = Debug|Win32
		{ADCA12B0-8F26-405F-AFB3-DAD053B39059}.Debug|x86.Build.0 = Debug|Win32
		{ADCA12B0-8F26-405F-AFB3-DAD053B39059}.Release|x64.ActiveCfg = Release|x64
		{ADCA12B0-8F26-405F-AFB3-DAD053B39059}.Release|x64.Build.0 = Release|x64
		{ADCA12B0-8F26-405F-AFB3-DAD053B39059}.Release|x86.ActiveCfg = Release|Win32
		{ADCA12B0-8F26-405F-AFB3-DAD053B39059}.Release|x86.Build.0 = Release|Win32
	EndGlobalSection
	GlobalSection(SolutionProperties) = preSolution
		HideSolutionNode = FALSE
	EndGlobalSection
	GlobalSection(ExtensibilityGlobals) = postSolution
		SolutionGuid = {CF8B4F3A-0F85-482C-9C36-354ED59CF9D9}
	EndGlobalSection
EndGlobal
